Microsoft Visual Studio Solution File, Format Version 12.00
# Visual Studio Version 17
VisualStudioVersion = 17.5.2.0
MinimumVisualStudioVersion = 10.0.40219.1
Project("{FAE04EC0-301F-11D3-BF4B-00C04F79EFBC}") = "EF-Core", "EF-Core\EF-Core.csproj", "{30523A3A-54D7-4FA8-FB62-07733C12B6CC}"
EndProject
Global
	GlobalSection(SolutionConfigurationPlatforms) = preSolution
		Debug|Any CPU = Debug|Any CPU
		Release|Any CPU = Release|Any CPU
	EndGlobalSection
	GlobalSection(ProjectConfigurationPlatforms) = postSolution
		{30523A3A-54D7-4FA8-FB62-07733C12B6CC}.Debug|Any CPU.ActiveCfg = Debug|Any CPU
		{30523A3A-54D7-4FA8-FB62-07733C12B6CC}.Debug|Any CPU.Build.0 = Debug|Any CPU
		{30523A3A-54D7-4FA8-FB62-07733C12B6CC}.Release|Any CPU.ActiveCfg = Release|Any CPU
		{30523A3A-54D7-4FA8-FB62-07733C12B6CC}.Release|Any CPU.Build.0 = Release|Any CPU
	EndGlobalSection
	GlobalSection(SolutionProperties) = preSolution
		HideSolutionNode = FALSE
	EndGlobalSection
	GlobalSection(ExtensibilityGlobals) = postSolution
		SolutionGuid = {0407A2B2-6524-43E6-B96A-E54DDDEB52F0}
	EndGlobalSection
EndGlobal
